
Microsoft Visual Studio Solution File, Format Version 12.00
# Visual Studio 2012
Project("{FAE04EC0-301F-11D3-BF4B-00C04F79EFBC}") = "m2sharp", "m2sharp.csproj", "{BC1EE1FB-F484-40BC-9A99-EC7B5BA9E3CC}"
EndProject
Global
	GlobalSection(SolutionConfigurationPlatforms) = preSolution
		Debug|x86 = Debug|x86
		Release|x86 = Release|x86
	EndGlobalSection
	GlobalSection(ProjectConfigurationPlatforms) = postSolution
		{BC1EE1FB-F484-40BC-9A99-EC7B5BA9E3CC}.Debug|x86.ActiveCfg = Debug|x86
		{BC1EE1FB-F484-40BC-9A99-EC7B5BA9E3CC}.Debug|x86.Build.0 = Debug|x86
		{BC1EE1FB-F484-40BC-9A99-EC7B5BA9E3CC}.Release|x86.ActiveCfg = Release|x86
		{BC1EE1FB-F484-40BC-9A99-EC7B5BA9E3CC}.Release|x86.Build.0 = Release|x86
	EndGlobalSection
	GlobalSection(MonoDevelopProperties) = preSolution
		Policies = $0
		$0.StandardHeader = $1
		$1.Text = @/* M2Sharp -- Modula-2 to C# Translator & Compiler\n *\n * Copyright (c) ${Year} The Modula-2 Software Foundation\n *\n * Author & Maintainer: ${AuthorName} <${AuthorEmail}>\n *\n * @synopsis\n *\n * M2Sharp is a multi-dialect Modula-2 to C# translator and via-C# compiler.\n * It supports the dialects described in the 3rd and 4th editions of Niklaus\n * Wirth's book "Programming in Modula-2" (PIM) published by Springer Verlag,\n * and an extended mode with select features from the revised language by\n * B.Kowarsch and R.Sutcliffe "Modula-2 Revision 2010" (M2R10).\n *\n * In translator mode, M2Sharp translates Modula-2 source to C# source files.\n * In compiler mode, M2Sharp compiles Modula-2 source via C# source files\n * to object code or executables using the host system's C# compiler.\n *\n * @repository\n *\n * https://github.com/m2sf/m2sharp\n *\n * @file\n *\n * ${filename}\n *\n * <brief description>\n *\n * @license\n *\n * M2Sharp is free software: you can redistribute and/or modify it under the\n * terms of the GNU Lesser General Public License (LGPL) either version 2.1\n * or at your choice version 3 as published by the Free Software Foundation.\n * However, you may not alter the copyright, author and license information.\n *\n * M2Sharp is distributed in the hope that it will be useful,  but WITHOUT\n * ANY WARRANTY; without even the implied warranty of MERCHANTABILITY or\n * FITNESS FOR A PARTICULAR PURPOSE.  Read the license for more details.\n *\n * You should have received a copy of the GNU Lesser General Public License\n * along with M2Sharp. If not, see <https://www.gnu.org/copyleft/lesser.html>.\n *\n * NB: Components in the domain part of email addresses are in reverse order.\n */\n\nnamespace org.m2sf.m2sharp {\n\n\n\n} /* namespace */\n\n/* END OF FILE */
		$1.IncludeInNewFiles = False
		$0.DotNetNamingPolicy = $2
		$2.DirectoryNamespaceAssociation = None
		$2.ResourceNamePolicy = FileFormatDefault
		$0.TextStylePolicy = $3
		$3.TabWidth = 2
		$3.IndentWidth = 2
		$3.EolMarker = Unix
		$3.inheritsSet = VisualStudio
		$3.inheritsScope = text/plain
		$3.scope = text/plain
		$3.FileWidth = 120
		$3.TabsToSpaces = False
		$0.CSharpFormattingPolicy = $4
		$4.NewLinesForBracesInTypes = False
		$4.NewLinesForBracesInMethods = False
		$4.NewLineForElse = True
		$4.NewLineForCatch = True
		$4.NewLineForFinally = True
		$4.SpaceAfterMethodCallName = False
		$4.SpaceBeforeOpenSquareBracket = False
		$4.inheritsSet = Mono
		$4.inheritsScope = text/x-csharp
		$4.scope = text/x-csharp
		$0.NameConventionPolicy = $5
		$5.Rules = $6
		$6.NamingRule = $7
		$7.Name = Namespaces
		$7.AffectedEntity = Namespace
		$7.VisibilityMask = VisibilityMask
		$7.NamingStyle = PascalCase
		$7.IncludeInstanceMembers = True
		$7.IncludeStaticEntities = True
		$6.NamingRule = $8
		$8.Name = Types
		$8.AffectedEntity = Class, Struct, Enum, Delegate
		$8.VisibilityMask = Public
		$8.NamingStyle = PascalCase
		$8.IncludeInstanceMembers = True
		$8.IncludeStaticEntities = True
		$6.NamingRule = $9
		$9.Name = Interfaces
		$9.RequiredPrefixes = $10
		$10.String = I
		$9.AffectedEntity = Interface
		$9.VisibilityMask = Public
		$9.NamingStyle = PascalCase
		$9.IncludeInstanceMembers = True
		$9.IncludeStaticEntities = True
		$6.NamingRule = $11
		$11.Name = Attributes
		$11.RequiredSuffixes = $12
		$12.String = Attribute
		$11.AffectedEntity = CustomAttributes
		$11.VisibilityMask = Public
		$11.NamingStyle = PascalCase
		$11.IncludeInstanceMembers = True
		$11.IncludeStaticEntities = True
		$6.NamingRule = $13
		$13.Name = Event Arguments
		$13.RequiredSuffixes = $14
		$14.String = EventArgs
		$13.AffectedEntity = CustomEventArgs
		$13.VisibilityMask = Public
		$13.NamingStyle = PascalCase
		$13.IncludeInstanceMembers = True
		$13.IncludeStaticEntities = True
		$6.NamingRule = $15
		$15.Name = Exceptions
		$15.RequiredSuffixes = $16
		$16.String = Exception
		$15.AffectedEntity = CustomExceptions
		$15.VisibilityMask = VisibilityMask
		$15.NamingStyle = PascalCase
		$15.IncludeInstanceMembers = True
		$15.IncludeStaticEntities = True
		$6.NamingRule = $17
		$17.Name = Methods
		$17.AffectedEntity = Methods
		$17.VisibilityMask = Protected, Public
		$17.NamingStyle = PascalCase
		$17.IncludeInstanceMembers = True
		$17.IncludeStaticEntities = True
		$6.NamingRule = $18
		$18.Name = Static Readonly Fields
		$18.AffectedEntity = ReadonlyField
		$18.VisibilityMask = Protected, Public
		$18.NamingStyle = PascalCase
		$18.IncludeInstanceMembers = False
		$18.IncludeStaticEntities = True
		$6.NamingRule = $19
		$19.Name = Fields
		$19.AffectedEntity = Field
		$19.VisibilityMask = Protected, Public
		$19.NamingStyle = PascalCase
		$19.IncludeInstanceMembers = True
		$19.IncludeStaticEntities = True
		$6.NamingRule = $20
		$20.Name = ReadOnly Fields
		$20.AffectedEntity = ReadonlyField
		$20.VisibilityMask = Protected, Public
		$20.NamingStyle = PascalCase
		$20.IncludeInstanceMembers = True
		$20.IncludeStaticEntities = False
		$6.NamingRule = $21
		$21.Name = Constant Fields
		$21.AffectedEntity = ConstantField
		$21.VisibilityMask = Protected, Public
		$21.NamingStyle = PascalCase
		$21.IncludeInstanceMembers = True
		$21.IncludeStaticEntities = True
		$6.NamingRule = $22
		$22.Name = Properties
		$22.AffectedEntity = Property
		$22.VisibilityMask = Protected, Public
		$22.NamingStyle = PascalCase
		$22.IncludeInstanceMembers = True
		$22.IncludeStaticEntities = True
		$6.NamingRule = $23
		$23.Name = Events
		$23.AffectedEntity = Event
		$23.VisibilityMask = Protected, Public
		$23.NamingStyle = PascalCase
		$23.IncludeInstanceMembers = True
		$23.IncludeStaticEntities = True
		$6.NamingRule = $24
		$24.Name = Enum Members
		$24.AffectedEntity = EnumMember
		$24.VisibilityMask = VisibilityMask
		$24.NamingStyle = PascalCase
		$24.IncludeInstanceMembers = True
		$24.IncludeStaticEntities = True
		$6.NamingRule = $25
		$25.Name = Parameters
		$25.AffectedEntity = Parameter
		$25.VisibilityMask = VisibilityMask
		$25.NamingStyle = CamelCase
		$25.IncludeInstanceMembers = True
		$25.IncludeStaticEntities = True
		$6.NamingRule = $26
		$26.Name = Type Parameters
		$26.RequiredPrefixes = $27
		$27.String = T
		$26.AffectedEntity = TypeParameter
		$26.VisibilityMask = VisibilityMask
		$26.NamingStyle = PascalCase
		$26.IncludeInstanceMembers = True
		$26.IncludeStaticEntities = True
	EndGlobalSection
EndGlobal
